hash: a195aa33598306c56770a73086eaea13a59899fe096754fd437b512c85d4869b
updated: 2020-05-29T12:58:13.16877545-05:00
imports:
- name: github.com/btcsuitereleases/btcutil
  version: f2b1058a82554c0c7c3b8809c5956c38374604d8
  subpackages:
  - base58
- name: github.com/FactomProject/basen
  version: fe3947df716ebfda9847eb1b9a48f9592e06478c
- name: github.com/FactomProject/btcutil
  version: 43986820ccd50b2b02b83e575cb3a39c87457482
  subpackages:
  - base58
- name: github.com/FactomProject/btcutilecc
  version: d3a63a5752ecf3fbc06bd97365da752111c263df
- name: github.com/FactomProject/ed25519
  version: 38002c4fe7b609c2fa3144a3cc29b997b756bb4c
  subpackages:
  - edwards25519
- name: github.com/FactomProject/factomd
  version: ee7ab6b5fb053eefc83ff4f5e223d897f9277faa
  subpackages:
  - activations
  - common/constants
  - common/constants/runstate
  - common/globals
  - common/interfaces
  - common/primitives
  - common/primitives/random
  - log
  - util/atomic
- name: github.com/FactomProject/go-bip32
  version: 3b593af1c415abc1017648e4eb24a88c32fee0f3
- name: github.com/FactomProject/go-bip39
  version: d1007fb78d9a7ec65314dad412973e63caf4c527
- name: github.com/FactomProject/goleveldb
  version: b882f9c7069c9730b1e7f8dd17250dabcaefa5ba
  subpackages:
  - leveldb/errors
  - leveldb/storage
  - leveldb/util
- name: github.com/konsorten/go-windows-terminal-sequences
  version: 5c8c8bd35d3832f5d134ae1e1e375b69a4d25242
- name: github.com/sirupsen/logrus
  version: 680f584d621da87ee04ea659130e149ba9d23cae
- name: golang.org/x/crypto
  version: f6b343c37ca80bfa8ea539da67a0b621f84fab1d
  subpackages:
  - pbkdf2
  - ripemd160
  - ssh/terminal
- name: golang.org/x/sys
  version: d75a52659825e75fff6158388dddc6a5b04f9ba5
  subpackages:
  - unix
testImports: []
